// !$*UTF8*$!
{
	archiveVersion = 1;
	classes = {
	};
	objectVersion = 77;
	objects = {

/* Begin PBXBuildFile section */
		0409B6953395291BECE2C360 /* Models.swift in Sources */ = {isa = PBXBuildFile; fileRef = C517749A811B74FB89B09D12 /* Models.swift */; };
		08DFF61D76690F4CC5724632 /* HotkeyManager.swift in Sources */ = {isa = PBXBuildFile; fileRef = 654D90AC10B3141530F22C4E /* HotkeyManager.swift */; };
		109AAD788484BC721682FF54 /* MainKanbanView.swift in Sources */ = {isa = PBXBuildFile; fileRef = 81DFD476B580D87DE839B719 /* MainKanbanView.swift */; };
		25E2B55DA062693A1BD355CE /* PinManager.swift in Sources */ = {isa = PBXBuildFile; fileRef = A89520A6C14A5E574B495E70 /* PinManager.swift */; };
		362E1C964D78B184D4A36797 /* Assets.xcassets in Resources */ = {isa = PBXBuildFile; fileRef = 49B5CB65AC70CD464D2F5C4D /* Assets.xcassets */; };
		3FC97BC3AF423D634F6E8C5D /* AppMonitor.swift in Sources */ = {isa = PBXBuildFile; fileRef = F4E92BF2D27098C5BDB257F5 /* AppMonitor.swift */; };
		47C3265FCEBC380667B0FE16 /* FloatingBallView.swift in Sources */ = {isa = PBXBuildFile; fileRef = 8F93286D01C141DFFC1FB577 /* FloatingBallView.swift */; };
		49CF290C50B9A3C9315CCE2B /* PinTopApp.swift in Sources */ = {isa = PBXBuildFile; fileRef = 578F527924A9131FE21B0CBB /* PinTopApp.swift */; };
		49D0BCCBF2041E31CFAEFB07 /* AppConfigView.swift in Sources */ = {isa = PBXBuildFile; fileRef = 00C2E84D0EB4866ADB180906 /* AppConfigView.swift */; };
		61BE2F834612998254FCBD36 /* QuickPanelWindow.swift in Sources */ = {isa = PBXBuildFile; fileRef = D325E61F2E46D9F3C32FA570 /* QuickPanelWindow.swift */; };
		695FE633262FD14FC567167B /* ConfigStore.swift in Sources */ = {isa = PBXBuildFile; fileRef = E08C4EC35C81F8106955C68C /* ConfigStore.swift */; };
		7031E75AAEF5866903BAB322 /* FloatingBallWindow.swift in Sources */ = {isa = PBXBuildFile; fileRef = 7FF14F1A5D8E31189DDF7D51 /* FloatingBallWindow.swift */; };
		7895CB741C1E48ADD636ECB1 /* AppDelegate.swift in Sources */ = {isa = PBXBuildFile; fileRef = D964B9EA262CB12568904D90 /* AppDelegate.swift */; };
		7A3C658620EA24A6099B8A01 /* PinManageView.swift in Sources */ = {isa = PBXBuildFile; fileRef = 54017C6BE2D60BC1BEC64A9F /* PinManageView.swift */; };
		7B905E144772454BC3BABB15 /* Constants.swift in Sources */ = {isa = PBXBuildFile; fileRef = F32128E1B3B8C027228EE34C /* Constants.swift */; };
		9561BA67B7EEBB13E18A4069 /* PermissionManager.swift in Sources */ = {isa = PBXBuildFile; fileRef = C3DCDC5F4D4A8F4D97A099BF /* PermissionManager.swift */; };
		C0D3240A782C567269950416 /* PreferencesView.swift in Sources */ = {isa = PBXBuildFile; fileRef = 3E1D987B30198EF49787BEE9 /* PreferencesView.swift */; };
		D8CD17F2301BBAEB2C2275F0 /* WindowService.swift in Sources */ = {isa = PBXBuildFile; fileRef = 922C6620CC1D48DAAA4F3B6C /* WindowService.swift */; };
		E58DCC761B887004A31FE0D9 /* QuickPanelView.swift in Sources */ = {isa = PBXBuildFile; fileRef = ADADFD7CAAB3AF191763AAF4 /* QuickPanelView.swift */; };
		F274C86B8856696EB070161B /* MainKanbanWindow.swift in Sources */ = {isa = PBXBuildFile; fileRef = 4BFEF4D96623A05F37826052 /* MainKanbanWindow.swift */; };
/* End PBXBuildFile section */

/* Begin PBXFileReference section */
		00C2E84D0EB4866ADB180906 /* AppConfigView.swift */ = {isa = PBXFileReference; lastKnownFileType = sourcecode.swift; path = AppConfigView.swift; sourceTree = "<group>"; };
		0C2A16952E5720B30C20145B /* Info.plist */ = {isa = PBXFileReference; lastKnownFileType = text.plist; path = Info.plist; sourceTree = "<group>"; };
		2C91510AA4C1CAB2D30C4228 /* PinTop.app */ = {isa = PBXFileReference; explicitFileType = wrapper.application; includeInIndex = 0; path = PinTop.app; sourceTree = BUILT_PRODUCTS_DIR; };
		3E1D987B30198EF49787BEE9 /* PreferencesView.swift */ = {isa = PBXFileReference; lastKnownFileType = sourcecode.swift; path = PreferencesView.swift; sourceTree = "<group>"; };
		49B5CB65AC70CD464D2F5C4D /* Assets.xcassets */ = {isa = PBXFileReference; lastKnownFileType = folder.assetcatalog; path = Assets.xcassets; sourceTree = "<group>"; };
		4BFEF4D96623A05F37826052 /* MainKanbanWindow.swift */ = {isa = PBXFileReference; lastKnownFileType = sourcecode.swift; path = MainKanbanWindow.swift; sourceTree = "<group>"; };
		54017C6BE2D60BC1BEC64A9F /* PinManageView.swift */ = {isa = PBXFileReference; lastKnownFileType = sourcecode.swift; path = PinManageView.swift; sourceTree = "<group>"; };
		578F527924A9131FE21B0CBB /* PinTopApp.swift */ = {isa = PBXFileReference; lastKnownFileType = sourcecode.swift; path = PinTopApp.swift; sourceTree = "<group>"; };
		654D90AC10B3141530F22C4E /* HotkeyManager.swift */ = {isa = PBXFileReference; lastKnownFileType = sourcecode.swift; path = HotkeyManager.swift; sourceTree = "<group>"; };
		656FDE2081298840E613E1E7 /* PinTop-Bridging-Header.h */ = {isa = PBXFileReference; lastKnownFileType = sourcecode.c.h; path = "PinTop-Bridging-Header.h"; sourceTree = "<group>"; };
		7FF14F1A5D8E31189DDF7D51 /* FloatingBallWindow.swift */ = {isa = PBXFileReference; lastKnownFileType = sourcecode.swift; path = FloatingBallWindow.swift; sourceTree = "<group>"; };
		81DFD476B580D87DE839B719 /* MainKanbanView.swift */ = {isa = PBXFileReference; lastKnownFileType = sourcecode.swift; path = MainKanbanView.swift; sourceTree = "<group>"; };
		8F93286D01C141DFFC1FB577 /* FloatingBallView.swift */ = {isa = PBXFileReference; lastKnownFileType = sourcecode.swift; path = FloatingBallView.swift; sourceTree = "<group>"; };
		922C6620CC1D48DAAA4F3B6C /* WindowService.swift */ = {isa = PBXFileReference; lastKnownFileType = sourcecode.swift; path = WindowService.swift; sourceTree = "<group>"; };
		A2F3CFEC288ECAB40E4D0EBC /* CGSPrivate.h */ = {isa = PBXFileReference; lastKnownFileType = sourcecode.c.h; path = CGSPrivate.h; sourceTree = "<group>"; };
		A89520A6C14A5E574B495E70 /* PinManager.swift */ = {isa = PBXFileReference; lastKnownFileType = sourcecode.swift; path = PinManager.swift; sourceTree = "<group>"; };
		ADADFD7CAAB3AF191763AAF4 /* QuickPanelView.swift */ = {isa = PBXFileReference; lastKnownFileType = sourcecode.swift; path = QuickPanelView.swift; sourceTree = "<group>"; };
		C3DCDC5F4D4A8F4D97A099BF /* PermissionManager.swift */ = {isa = PBXFileReference; lastKnownFileType = sourcecode.swift; path = PermissionManager.swift; sourceTree = "<group>"; };
		C517749A811B74FB89B09D12 /* Models.swift */ = {isa = PBXFileReference; lastKnownFileType = sourcecode.swift; path = Models.swift; sourceTree = "<group>"; };
		D325E61F2E46D9F3C32FA570 /* QuickPanelWindow.swift */ = {isa = PBXFileReference; lastKnownFileType = sourcecode.swift; path = QuickPanelWindow.swift; sourceTree = "<group>"; };
		D964B9EA262CB12568904D90 /* AppDelegate.swift */ = {isa = PBXFileReference; lastKnownFileType = sourcecode.swift; path = AppDelegate.swift; sourceTree = "<group>"; };
		E08C4EC35C81F8106955C68C /* ConfigStore.swift */ = {isa = PBXFileReference; lastKnownFileType = sourcecode.swift; path = ConfigStore.swift; sourceTree = "<group>"; };
		F32128E1B3B8C027228EE34C /* Constants.swift */ = {isa = PBXFileReference; lastKnownFileType = sourcecode.swift; path = Constants.swift; sourceTree = "<group>"; };
		F4E92BF2D27098C5BDB257F5 /* AppMonitor.swift */ = {isa = PBXFileReference; lastKnownFileType = sourcecode.swift; path = AppMonitor.swift; sourceTree = "<group>"; };
/* End PBXFileReference section */

/* Begin PBXGroup section */
		16A2E46DDB1943B702EE58E9 /* FloatingBall */ = {
			isa = PBXGroup;
			children = (
				8F93286D01C141DFFC1FB577 /* FloatingBallView.swift */,
				7FF14F1A5D8E31189DDF7D51 /* FloatingBallWindow.swift */,
			);
			path = FloatingBall;
			sourceTree = "<group>";
		};
		3A1D77E2C061F0D8F6543324 = {
			isa = PBXGroup;
			children = (
				9B1742C567347353DE8B7539 /* PinTop */,
				61BAC581296AF03E016B5652 /* Products */,
			);
			sourceTree = "<group>";
		};
		51C21F99D8F3883415697114 /* Services */ = {
			isa = PBXGroup;
			children = (
				F4E92BF2D27098C5BDB257F5 /* AppMonitor.swift */,
				E08C4EC35C81F8106955C68C /* ConfigStore.swift */,
				654D90AC10B3141530F22C4E /* HotkeyManager.swift */,
				A89520A6C14A5E574B495E70 /* PinManager.swift */,
				922C6620CC1D48DAAA4F3B6C /* WindowService.swift */,
			);
			path = Services;
			sourceTree = "<group>";
		};
		61BAC581296AF03E016B5652 /* Products */ = {
			isa = PBXGroup;
			children = (
				2C91510AA4C1CAB2D30C4228 /* PinTop.app */,
			);
			name = Products;
			sourceTree = "<group>";
		};
		7A0D63435A9032FAA46EAD8E /* App */ = {
			isa = PBXGroup;
			children = (
				D964B9EA262CB12568904D90 /* AppDelegate.swift */,
				C3DCDC5F4D4A8F4D97A099BF /* PermissionManager.swift */,
				578F527924A9131FE21B0CBB /* PinTopApp.swift */,
			);
			path = App;
			sourceTree = "<group>";
		};
		9732ED873D6A427A917B8D75 /* Models */ = {
			isa = PBXGroup;
			children = (
				C517749A811B74FB89B09D12 /* Models.swift */,
			);
			path = Models;
			sourceTree = "<group>";
		};
		9B1742C567347353DE8B7539 /* PinTop */ = {
			isa = PBXGroup;
			children = (
				7A0D63435A9032FAA46EAD8E /* App */,
				16A2E46DDB1943B702EE58E9 /* FloatingBall */,
				BA16158F007C16665A6F1B60 /* Helpers */,
				FEECFE953DFD47A036F593A4 /* MainKanban */,
				9732ED873D6A427A917B8D75 /* Models */,
				B834B760C470BC3E4DB4E3D0 /* QuickPanel */,
				FDEF6FF5E569DE98FFBA91E5 /* Resources */,
				51C21F99D8F3883415697114 /* Services */,
			);
			path = PinTop;
			sourceTree = "<group>";
		};
		B834B760C470BC3E4DB4E3D0 /* QuickPanel */ = {
			isa = PBXGroup;
			children = (
				ADADFD7CAAB3AF191763AAF4 /* QuickPanelView.swift */,
				D325E61F2E46D9F3C32FA570 /* QuickPanelWindow.swift */,
			);
			path = QuickPanel;
			sourceTree = "<group>";
		};
		BA16158F007C16665A6F1B60 /* Helpers */ = {
			isa = PBXGroup;
			children = (
				A2F3CFEC288ECAB40E4D0EBC /* CGSPrivate.h */,
				F32128E1B3B8C027228EE34C /* Constants.swift */,
				656FDE2081298840E613E1E7 /* PinTop-Bridging-Header.h */,
			);
			path = Helpers;
			sourceTree = "<group>";
		};
		FDEF6FF5E569DE98FFBA91E5 /* Resources */ = {
			isa = PBXGroup;
			children = (
				49B5CB65AC70CD464D2F5C4D /* Assets.xcassets */,
				0C2A16952E5720B30C20145B /* Info.plist */,
			);
			path = Resources;
			sourceTree = "<group>";
		};
		FEECFE953DFD47A036F593A4 /* MainKanban */ = {
			isa = PBXGroup;
			children = (
				00C2E84D0EB4866ADB180906 /* AppConfigView.swift */,
				81DFD476B580D87DE839B719 /* MainKanbanView.swift */,
				4BFEF4D96623A05F37826052 /* MainKanbanWindow.swift */,
				54017C6BE2D60BC1BEC64A9F /* PinManageView.swift */,
				3E1D987B30198EF49787BEE9 /* PreferencesView.swift */,
			);
			path = MainKanban;
			sourceTree = "<group>";
		};
/* End PBXGroup section */

/* Begin PBXNativeTarget section */
		F3867D4A3BE8F50D4E34DA37 /* PinTop */ = {
			isa = PBXNativeTarget;
			buildConfigurationList = 1AB5BB7FAEC02277853AD4DD /* Build configuration list for PBXNativeTarget "PinTop" */;
			buildPhases = (
				E007A1131E95745CE4C90D9B /* Sources */,
				47E93C48DD0FA2282E7CFCC2 /* Resources */,
			);
			buildRules = (
			);
			dependencies = (
			);
			name = PinTop;
			packageProductDependencies = (
			);
			productName = PinTop;
			productReference = 2C91510AA4C1CAB2D30C4228 /* PinTop.app */;
			productType = "com.apple.product-type.application";
		};
/* End PBXNativeTarget section */

/* Begin PBXProject section */
		1F8052F87C62A18C0B48AEA8 /* Project object */ = {
			isa = PBXProject;
			attributes = {
				BuildIndependentTargetsInParallel = YES;
				LastUpgradeCheck = 1600;
			};
			buildConfigurationList = A289C7C9E9FB4DA0D523274F /* Build configuration list for PBXProject "PinTop" */;
			compatibilityVersion = "Xcode 14.0";
			developmentRegion = en;
			hasScannedForEncodings = 0;
			knownRegions = (
				Base,
				en,
			);
			mainGroup = 3A1D77E2C061F0D8F6543324;
			minimizedProjectReferenceProxies = 1;
			preferredProjectObjectVersion = 77;
			projectDirPath = "";
			projectRoot = "";
			targets = (
				F3867D4A3BE8F50D4E34DA37 /* PinTop */,
			);
		};
/* End PBXProject section */

/* Begin PBXResourcesBuildPhase section */
		47E93C48DD0FA2282E7CFCC2 /* Resources */ = {
			isa = PBXResourcesBuildPhase;
			buildActionMask = 2147483647;
			files = (
				362E1C964D78B184D4A36797 /* Assets.xcassets in Resources */,
			);
			runOnlyForDeploymentPostprocessing = 0;
		};
/* End PBXResourcesBuildPhase section */

/* Begin PBXSourcesBuildPhase section */
		E007A1131E95745CE4C90D9B /* Sources */ = {
			isa = PBXSourcesBuildPhase;
			buildActionMask = 2147483647;
			files = (
				49D0BCCBF2041E31CFAEFB07 /* AppConfigView.swift in Sources */,
				7895CB741C1E48ADD636ECB1 /* AppDelegate.swift in Sources */,
				3FC97BC3AF423D634F6E8C5D /* AppMonitor.swift in Sources */,
				695FE633262FD14FC567167B /* ConfigStore.swift in Sources */,
				7B905E144772454BC3BABB15 /* Constants.swift in Sources */,
				47C3265FCEBC380667B0FE16 /* FloatingBallView.swift in Sources */,
				7031E75AAEF5866903BAB322 /* FloatingBallWindow.swift in Sources */,
				08DFF61D76690F4CC5724632 /* HotkeyManager.swift in Sources */,
				109AAD788484BC721682FF54 /* MainKanbanView.swift in Sources */,
				F274C86B8856696EB070161B /* MainKanbanWindow.swift in Sources */,
				0409B6953395291BECE2C360 /* Models.swift in Sources */,
				9561BA67B7EEBB13E18A4069 /* PermissionManager.swift in Sources */,
				7A3C658620EA24A6099B8A01 /* PinManageView.swift in Sources */,
				25E2B55DA062693A1BD355CE /* PinManager.swift in Sources */,
				49CF290C50B9A3C9315CCE2B /* PinTopApp.swift in Sources */,
				C0D3240A782C567269950416 /* PreferencesView.swift in Sources */,
				E58DCC761B887004A31FE0D9 /* QuickPanelView.swift in Sources */,
				61BE2F834612998254FCBD36 /* QuickPanelWindow.swift in Sources */,
				D8CD17F2301BBAEB2C2275F0 /* WindowService.swift in Sources */,
			);
			runOnlyForDeploymentPostprocessing = 0;
		};
/* End PBXSourcesBuildPhase section */

/* Begin XCBuildConfiguration section */
		0FA69881E66DB84EA5B43FC1 /* Debug */ = {
			isa = XCBuildConfiguration;
			buildSettings = {
				ASSETCATALOG_COMPILER_APPICON_NAME = AppIcon;
				COMBINE_HIDPI_IMAGES = YES;
				GENERATE_INFOPLIST_FILE = NO;
				INFOPLIST_FILE = PinTop/Resources/Info.plist;
				LD_RUNPATH_SEARCH_PATHS = (
					"$(inherited)",
					"@executable_path/../Frameworks",
				);
				PRODUCT_BUNDLE_IDENTIFIER = com.pintop.PinTop;
				PRODUCT_NAME = PinTop;
				SDKROOT = macosx;
			};
			name = Debug;
		};
		B9010EFB693B7A6E7AE52BEB /* Debug */ = {
			isa = XCBuildConfiguration;
			buildSettings = {
				ALWAYS_SEARCH_USER_PATHS = NO;
				CLANG_ANALYZER_NONNULL = YES;
				CLANG_ANALYZER_NUMBER_OBJECT_CONVERSION = YES_AGGRESSIVE;
				CLANG_CXX_LANGUAGE_STANDARD = "gnu++14";
				CLANG_CXX_LIBRARY = "libc++";
				CLANG_ENABLE_MODULES = YES;
				CLANG_ENABLE_OBJC_ARC = YES;
				CLANG_ENABLE_OBJC_WEAK = YES;
				CLANG_WARN_BLOCK_CAPTURE_AUTORELEASING = YES;
				CLANG_WARN_BOOL_CONVERSION = YES;
				CLANG_WARN_COMMA = YES;
				CLANG_WARN_CONSTANT_CONVERSION = YES;
				CLANG_WARN_DEPRECATED_OBJC_IMPLEMENTATIONS = YES;
				CLANG_WARN_DIRECT_OBJC_ISA_USAGE = YES_ERROR;
				CLANG_WARN_DOCUMENTATION_COMMENTS = YES;
				CLANG_WARN_EMPTY_BODY = YES;
				CLANG_WARN_ENUM_CONVERSION = YES;
				CLANG_WARN_INFINITE_RECURSION = YES;
				CLANG_WARN_INT_CONVERSION = YES;
				CLANG_WARN_NON_LITERAL_NULL_CONVERSION = YES;
				CLANG_WARN_OBJC_IMPLICIT_RETAIN_SELF = YES;
				CLANG_WARN_OBJC_LITERAL_CONVERSION = YES;
				CLANG_WARN_OBJC_ROOT_CLASS = YES_ERROR;
				CLANG_WARN_QUOTED_INCLUDE_IN_FRAMEWORK_HEADER = YES;
				CLANG_WARN_RANGE_LOOP_ANALYSIS = YES;
				CLANG_WARN_STRICT_PROTOTYPES = YES;
				CLANG_WARN_SUSPICIOUS_MOVE = YES;
				CLANG_WARN_UNGUARDED_AVAILABILITY = YES_AGGRESSIVE;
				CLANG_WARN_UNREACHABLE_CODE = YES;
				CLANG_WARN__DUPLICATE_METHOD_MATCH = YES;
				CODE_SIGN_ENTITLEMENTS = PinTop/Resources/PinTop.entitlements;
				COPY_PHASE_STRIP = NO;
				DEBUG_INFORMATION_FORMAT = dwarf;
				ENABLE_HARDENED_RUNTIME = YES;
				ENABLE_STRICT_OBJC_MSGSEND = YES;
				ENABLE_TESTABILITY = YES;
				GCC_C_LANGUAGE_STANDARD = gnu11;
				GCC_DYNAMIC_NO_PIC = NO;
				GCC_NO_COMMON_BLOCKS = YES;
				GCC_OPTIMIZATION_LEVEL = 0;
				GCC_PREPROCESSOR_DEFINITIONS = (
					"$(inherited)",
					"DEBUG=1",
				);
				GCC_WARN_64_TO_32_BIT_CONVERSION = YES;
				GCC_WARN_ABOUT_RETURN_TYPE = YES_ERROR;
				GCC_WARN_UNDECLARED_SELECTOR = YES;
				GCC_WARN_UNINITIALIZED_AUTOS = YES_AGGRESSIVE;
				GCC_WARN_UNUSED_FUNCTION = YES;
				GCC_WARN_UNUSED_VARIABLE = YES;
				MACOSX_DEPLOYMENT_TARGET = 14.0;
				MTL_ENABLE_DEBUG_INFO = INCLUDE_SOURCE;
				MTL_FAST_MATH = YES;
				ONLY_ACTIVE_ARCH = YES;
				PRODUCT_NAME = "$(TARGET_NAME)";
				SDKROOT = macosx;
				SWIFT_ACTIVE_COMPILATION_CONDITIONS = DEBUG;
				SWIFT_OBJC_BRIDGING_HEADER = "PinTop/Helpers/PinTop-Bridging-Header.h";
				SWIFT_OPTIMIZATION_LEVEL = "-Onone";
				SWIFT_VERSION = 5.9;
			};
			name = Debug;
		};
		F04148CFE797597B695520FF /* Release */ = {
			isa = XCBuildConfiguration;
			buildSettings = {
				ALWAYS_SEARCH_USER_PATHS = NO;
				CLANG_ANALYZER_NONNULL = YES;
				CLANG_ANALYZER_NUMBER_OBJECT_CONVERSION = YES_AGGRESSIVE;
				CLANG_CXX_LANGUAGE_STANDARD = "gnu++14";
				CLANG_CXX_LIBRARY = "libc++";
				CLANG_ENABLE_MODULES = YES;
				CLANG_ENABLE_OBJC_ARC = YES;
				CLANG_ENABLE_OBJC_WEAK = YES;
				CLANG_WARN_BLOCK_CAPTURE_AUTORELEASING = YES;
				CLANG_WARN_BOOL_CONVERSION = YES;
				CLANG_WARN_COMMA = YES;
				CLANG_WARN_CONSTANT_CONVERSION = YES;
				CLANG_WARN_DEPRECATED_OBJC_IMPLEMENTATIONS = YES;
				CLANG_WARN_DIRECT_OBJC_ISA_USAGE = YES_ERROR;
				CLANG_WARN_DOCUMENTATION_COMMENTS = YES;
				CLANG_WARN_EMPTY_BODY = YES;
				CLANG_WARN_ENUM_CONVERSION = YES;
				CLANG_WARN_INFINITE_RECURSION = YES;
				CLANG_WARN_INT_CONVERSION = YES;
				CLANG_WARN_NON_LITERAL_NULL_CONVERSION = YES;
				CLANG_WARN_OBJC_IMPLICIT_RETAIN_SELF = YES;
				CLANG_WARN_OBJC_LITERAL_CONVERSION = YES;
				CLANG_WARN_OBJC_ROOT_CLASS = YES_ERROR;
				CLANG_WARN_QUOTED_INCLUDE_IN_FRAMEWORK_HEADER = YES;
				CLANG_WARN_RANGE_LOOP_ANALYSIS = YES;
				CLANG_WARN_STRICT_PROTOTYPES = YES;
				CLANG_WARN_SUSPICIOUS_MOVE = YES;
				CLANG_WARN_UNGUARDED_AVAILABILITY = YES_AGGRESSIVE;
				CLANG_WARN_UNREACHABLE_CODE = YES;
				CLANG_WARN__DUPLICATE_METHOD_MATCH = YES;
				CODE_SIGN_ENTITLEMENTS = PinTop/Resources/PinTop.entitlements;
				COPY_PHASE_STRIP = NO;
				DEBUG_INFORMATION_FORMAT = "dwarf-with-dsym";
				ENABLE_HARDENED_RUNTIME = YES;
				ENABLE_NS_ASSERTIONS = NO;
				ENABLE_STRICT_OBJC_MSGSEND = YES;
				GCC_C_LANGUAGE_STANDARD = gnu11;
				GCC_NO_COMMON_BLOCKS = YES;
				GCC_WARN_64_TO_32_BIT_CONVERSION = YES;
				GCC_WARN_ABOUT_RETURN_TYPE = YES_ERROR;
				GCC_WARN_UNDECLARED_SELECTOR = YES;
				GCC_WARN_UNINITIALIZED_AUTOS = YES_AGGRESSIVE;
				GCC_WARN_UNUSED_FUNCTION = YES;
				GCC_WARN_UNUSED_VARIABLE = YES;
				MACOSX_DEPLOYMENT_TARGET = 14.0;
				MTL_ENABLE_DEBUG_INFO = NO;
				MTL_FAST_MATH = YES;
				PRODUCT_NAME = "$(TARGET_NAME)";
				SDKROOT = macosx;
				SWIFT_COMPILATION_MODE = wholemodule;
				SWIFT_OBJC_BRIDGING_HEADER = "PinTop/Helpers/PinTop-Bridging-Header.h";
				SWIFT_OPTIMIZATION_LEVEL = "-O";
				SWIFT_VERSION = 5.9;
			};
			name = Release;
		};
		FF0FF2F75F49F05BB52DB710 /* Release */ = {
			isa = XCBuildConfiguration;
			buildSettings = {
				ASSETCATALOG_COMPILER_APPICON_NAME = AppIcon;
				COMBINE_HIDPI_IMAGES = YES;
				GENERATE_INFOPLIST_FILE = NO;
				INFOPLIST_FILE = PinTop/Resources/Info.plist;
				LD_RUNPATH_SEARCH_PATHS = (
					"$(inherited)",
					"@executable_path/../Frameworks",
				);
				PRODUCT_BUNDLE_IDENTIFIER = com.pintop.PinTop;
				PRODUCT_NAME = PinTop;
				SDKROOT = macosx;
			};
			name = Release;
		};
/* End XCBuildConfiguration section */

/* Begin XCConfigurationList section */
		1AB5BB7FAEC02277853AD4DD /* Build configuration list for PBXNativeTarget "PinTop" */ = {
			isa = XCConfigurationList;
			buildConfigurations = (
				0FA69881E66DB84EA5B43FC1 /* Debug */,
				FF0FF2F75F49F05BB52DB710 /* Release */,
			);
			defaultConfigurationIsVisible = 0;
			defaultConfigurationName = Debug;
		};
		A289C7C9E9FB4DA0D523274F /* Build configuration list for PBXProject "PinTop" */ = {
			isa = XCConfigurationList;
			buildConfigurations = (
				B9010EFB693B7A6E7AE52BEB /* Debug */,
				F04148CFE797597B695520FF /* Release */,
			);
			defaultConfigurationIsVisible = 0;
			defaultConfigurationName = Debug;
		};
/* End XCConfigurationList section */
	};
	rootObject = 1F8052F87C62A18C0B48AEA8 /* Project object */;
}
